
Microsoft Visual Studio Solution File, Format Version 12.00
# Visual Studio 14
VisualStudioVersion = 14.0.25420.1
MinimumVisualStudioVersion = 10.0.40219.1
Project("{FAE04EC0-301F-11D3-BF4B-00C04F79EFBC}") = "DistributionLaws", "DistributionLaws\DistributionLaws.csproj", "{81CD37E7-E180-4150-A5FD-E85CD538B17F}"
EndProject
Global
	GlobalSection(SolutionConfigurationPlatforms) = preSolution
		Debug|Any CPU = Debug|Any CPU
		Release|Any CPU = Release|Any CPU
	EndGlobalSection
	GlobalSection(ProjectConfigurationPlatforms) = postSolution
		{81CD37E7-E180-4150-A5FD-E85CD538B17F}.Debug|Any CPU.ActiveCfg = Debug|Any CPU
		{81CD37E7-E180-4150-A5FD-E85CD538B17F}.Debug|Any CPU.Build.0 = Debug|Any CPU
		{81CD37E7-E180-4150-A5FD-E85CD538B17F}.Release|Any CPU.ActiveCfg = Release|Any CPU
		{81CD37E7-E180-4150-A5FD-E85CD538B17F}.Release|Any CPU.Build.0 = Release|Any CPU
	EndGlobalSection
	GlobalSection(SolutionProperties) = preSolution
		HideSolutionNode = FALSE
	EndGlobalSection
EndGlobal
