
Microsoft Visual Studio Solution File, Format Version 12.00
# Visual Studio 14
VisualStudioVersion = 14.0.25420.1
MinimumVisualStudioVersion = 10.0.40219.1
Project("{FAE04EC0-301F-11D3-BF4B-00C04F79EFBC}") = "Ziggurat", "Ziggurat\Ziggurat.csproj", "{60115D86-C605-4BFC-8F90-C262720EB25F}"
EndProject
Project("{FAE04EC0-301F-11D3-BF4B-00C04F79EFBC}") = "DistributionLaws", "..\..\DistributionLaws\DistributionLaws\DistributionLaws.csproj", "{81CD37E7-E180-4150-A5FD-E85CD538B17F}"
EndProject
Project("{FAE04EC0-301F-11D3-BF4B-00C04F79EFBC}") = "Lab3", "..\..\Lab3\Lab3.csproj", "{19BE8525-F6AF-47EC-A7CF-599FBFFB6DBB}"
EndProject
Global
	GlobalSection(SolutionConfigurationPlatforms) = preSolution
		Debug|Any CPU = Debug|Any CPU
		Release|Any CPU = Release|Any CPU
	EndGlobalSection
	GlobalSection(ProjectConfigurationPlatforms) = postSolution
		{60115D86-C605-4BFC-8F90-C262720EB25F}.Debug|Any CPU.ActiveCfg = Debug|Any CPU
		{60115D86-C605-4BFC-8F90-C262720EB25F}.Debug|Any CPU.Build.0 = Debug|Any CPU
		{60115D86-C605-4BFC-8F90-C262720EB25F}.Release|Any CPU.ActiveCfg = Release|Any CPU
		{60115D86-C605-4BFC-8F90-C262720EB25F}.Release|Any CPU.Build.0 = Release|Any CPU
		{81CD37E7-E180-4150-A5FD-E85CD538B17F}.Debug|Any CPU.ActiveCfg = Debug|Any CPU
		{81CD37E7-E180-4150-A5FD-E85CD538B17F}.Debug|Any CPU.Build.0 = Debug|Any CPU
		{81CD37E7-E180-4150-A5FD-E85CD538B17F}.Release|Any CPU.ActiveCfg = Release|Any CPU
		{81CD37E7-E180-4150-A5FD-E85CD538B17F}.Release|Any CPU.Build.0 = Release|Any CPU
		{19BE8525-F6AF-47EC-A7CF-599FBFFB6DBB}.Debug|Any CPU.ActiveCfg = Debug|Any CPU
		{19BE8525-F6AF-47EC-A7CF-599FBFFB6DBB}.Debug|Any CPU.Build.0 = Debug|Any CPU
		{19BE8525-F6AF-47EC-A7CF-599FBFFB6DBB}.Release|Any CPU.ActiveCfg = Release|Any CPU
		{19BE8525-F6AF-47EC-A7CF-599FBFFB6DBB}.Release|Any CPU.Build.0 = Release|Any CPU
	EndGlobalSection
	GlobalSection(SolutionProperties) = preSolution
		HideSolutionNode = FALSE
	EndGlobalSection
EndGlobal
